// !$*UTF8*$!
{
	archiveVersion = 1;
	classes = {
	};
	objectVersion = 51;
	objects = {

/* Begin PBXBuildFile section */
		CEA2562A2471BD330078626B /* AppDelegate.swift in Sources */ = {isa = PBXBuildFile; fileRef = CEA256292471BD330078626B /* AppDelegate.swift */; };
		CEA2562C2471BD330078626B /* SceneDelegate.swift in Sources */ = {isa = PBXBuildFile; fileRef = CEA2562B2471BD330078626B /* SceneDelegate.swift */; };
		CEA256312471BD330078626B /* Main.storyboard in Resources */ = {isa = PBXBuildFile; fileRef = CEA2562F2471BD330078626B /* Main.storyboard */; };
		CEA256332471BD3A0078626B /* Assets.xcassets in Resources */ = {isa = PBXBuildFile; fileRef = CEA256322471BD3A0078626B /* Assets.xcassets */; };
		CEA256362471BD3A0078626B /* LaunchScreen.storyboard in Resources */ = {isa = PBXBuildFile; fileRef = CEA256342471BD3A0078626B /* LaunchScreen.storyboard */; };
		CEA2563E247465E50078626B /* AuthenticationViewController.swift in Sources */ = {isa = PBXBuildFile; fileRef = CEA2563D247465E50078626B /* AuthenticationViewController.swift */; };
		CEC277F7247BF031002D83F2 /* Helpers.swift in Sources */ = {isa = PBXBuildFile; fileRef = CEC277F6247BF031002D83F2 /* Helpers.swift */; };
		CEFEF044248586AD00E61E80 /* ProfileViewController.swift in Sources */ = {isa = PBXBuildFile; fileRef = CEFEF043248586AD00E61E80 /* ProfileViewController.swift */; };
		CEFEF0482485885400E61E80 /* ProfileViewController Extension.swift in Sources */ = {isa = PBXBuildFile; fileRef = CEFEF0472485885400E61E80 /* ProfileViewController Extension.swift */; };
		E64A09655BC23823474D52AD /* Pods_GitHubApp.framework in Frameworks */ = {isa = PBXBuildFile; fileRef = 8419E22B280D47F756E36D05 /* Pods_GitHubApp.framework */; };
/* End PBXBuildFile section */

/* Begin PBXFileReference section */
		8419E22B280D47F756E36D05 /* Pods_GitHubApp.framework */ = {isa = PBXFileReference; explicitFileType = wrapper.framework; includeInIndex = 0; path = Pods_GitHubApp.framework; sourceTree = BUILT_PRODUCTS_DIR; };
		A467A5E0CEBC543754687301 /* Pods-GitHubApp.debug.xcconfig */ = {isa = PBXFileReference; includeInIndex = 1; lastKnownFileType = text.xcconfig; name = "Pods-GitHubApp.debug.xcconfig"; path = "Target Support Files/Pods-GitHubApp/Pods-GitHubApp.debug.xcconfig"; sourceTree = "<group>"; };
		A766C3CE1CCC02725C8AAF69 /* Pods-GitHubApp.release.xcconfig */ = {isa = PBXFileReference; includeInIndex = 1; lastKnownFileType = text.xcconfig; name = "Pods-GitHubApp.release.xcconfig"; path = "Target Support Files/Pods-GitHubApp/Pods-GitHubApp.release.xcconfig"; sourceTree = "<group>"; };
		CEA256262471BD330078626B /* GitHubApp.app */ = {isa = PBXFileReference; explicitFileType = wrapper.application; includeInIndex = 0; path = GitHubApp.app; sourceTree = BUILT_PRODUCTS_DIR; };
		CEA256292471BD330078626B /* AppDelegate.swift */ = {isa = PBXFileReference; lastKnownFileType = sourcecode.swift; path = AppDelegate.swift; sourceTree = "<group>"; };
		CEA2562B2471BD330078626B /* SceneDelegate.swift */ = {isa = PBXFileReference; lastKnownFileType = sourcecode.swift; path = SceneDelegate.swift; sourceTree = "<group>"; };
		CEA256302471BD330078626B /* Base */ = {isa = PBXFileReference; lastKnownFileType = file.storyboard; name = Base; path = Base.lproj/Main.storyboard; sourceTree = "<group>"; };
		CEA256322471BD3A0078626B /* Assets.xcassets */ = {isa = PBXFileReference; lastKnownFileType = folder.assetcatalog; path = Assets.xcassets; sourceTree = "<group>"; };
		CEA256352471BD3A0078626B /* Base */ = {isa = PBXFileReference; lastKnownFileType = file.storyboard; name = Base; path = Base.lproj/LaunchScreen.storyboard; sourceTree = "<group>"; };
		CEA256372471BD3A0078626B /* Info.plist */ = {isa = PBXFileReference; lastKnownFileType = text.plist.xml; path = Info.plist; sourceTree = "<group>"; };
		CEA2563D247465E50078626B /* AuthenticationViewController.swift */ = {isa = PBXFileReference; lastKnownFileType = sourcecode.swift; name = AuthenticationViewController.swift; path = /Users/user/Desktop/Netology/GitHubApp/GitHubApp/AuthenticationViewController.swift; sourceTree = "<absolute>"; };
		CEC277F6247BF031002D83F2 /* Helpers.swift */ = {isa = PBXFileReference; lastKnownFileType = sourcecode.swift; name = Helpers.swift; path = /Users/user/Desktop/Netology/GitHubApp/GitHubApp/Helpers.swift; sourceTree = "<absolute>"; };
		CEFEF043248586AD00E61E80 /* ProfileViewController.swift */ = {isa = PBXFileReference; fileEncoding = 4; lastKnownFileType = sourcecode.swift; path = ProfileViewController.swift; sourceTree = "<group>"; };
		CEFEF0472485885400E61E80 /* ProfileViewController Extension.swift */ = {isa = PBXFileReference; lastKnownFileType = sourcecode.swift; path = "ProfileViewController Extension.swift"; sourceTree = "<group>"; };
/* End PBXFileReference section */

/* Begin PBXFrameworksBuildPhase section */
		CEA256232471BD330078626B /* Frameworks */ = {
			isa = PBXFrameworksBuildPhase;
			buildActionMask = 2147483647;
			files = (
				E64A09655BC23823474D52AD /* Pods_GitHubApp.framework in Frameworks */,
			);
			runOnlyForDeploymentPostprocessing = 0;
		};
/* End PBXFrameworksBuildPhase section */

/* Begin PBXGroup section */
		B219570F06A664657020F5E3 /* Frameworks */ = {
			isa = PBXGroup;
			children = (
				8419E22B280D47F756E36D05 /* Pods_GitHubApp.framework */,
			);
			name = Frameworks;
			sourceTree = "<group>";
		};
		CEA2561D2471BD330078626B = {
			isa = PBXGroup;
			children = (
				CEA256282471BD330078626B /* GitHubApp */,
				CEA256272471BD330078626B /* Products */,
				DA99F00ADC695FAE96FBF7F5 /* Pods */,
				B219570F06A664657020F5E3 /* Frameworks */,
			);
			sourceTree = "<group>";
		};
		CEA256272471BD330078626B /* Products */ = {
			isa = PBXGroup;
			children = (
				CEA256262471BD330078626B /* GitHubApp.app */,
			);
			name = Products;
			sourceTree = "<group>";
		};
		CEA256282471BD330078626B /* GitHubApp */ = {
			isa = PBXGroup;
			children = (
				CEFEF043248586AD00E61E80 /* ProfileViewController.swift */,
				CEFEF0472485885400E61E80 /* ProfileViewController Extension.swift */,
				CEA2563D247465E50078626B /* AuthenticationViewController.swift */,
				CEA256292471BD330078626B /* AppDelegate.swift */,
				CEA2562B2471BD330078626B /* SceneDelegate.swift */,
				CEC277F6247BF031002D83F2 /* Helpers.swift */,
				CEA2562F2471BD330078626B /* Main.storyboard */,
				CEA256322471BD3A0078626B /* Assets.xcassets */,
				CEA256342471BD3A0078626B /* LaunchScreen.storyboard */,
				CEA256372471BD3A0078626B /* Info.plist */,
			);
			path = GitHubApp;
			sourceTree = "<group>";
		};
		DA99F00ADC695FAE96FBF7F5 /* Pods */ = {
			isa = PBXGroup;
			children = (
				A467A5E0CEBC543754687301 /* Pods-GitHubApp.debug.xcconfig */,
				A766C3CE1CCC02725C8AAF69 /* Pods-GitHubApp.release.xcconfig */,
			);
			path = Pods;
			sourceTree = "<group>";
		};
/* End PBXGroup section */

/* Begin PBXNativeTarget section */
		CEA256252471BD330078626B /* GitHubApp */ = {
			isa = PBXNativeTarget;
			buildConfigurationList = CEA2563A2471BD3A0078626B /* Build configuration list for PBXNativeTarget "GitHubApp" */;
			buildPhases = (
				A6819635EBC310634A227CFB /* [CP] Check Pods Manifest.lock */,
				CEA256222471BD330078626B /* Sources */,
				CEA256232471BD330078626B /* Frameworks */,
				CEA256242471BD330078626B /* Resources */,
				74454B7CA21D1F4C7A86DF19 /* [CP] Embed Pods Frameworks */,
			);
			buildRules = (
			);
			dependencies = (
			);
			name = GitHubApp;
			productName = GitHubApp;
			productReference = CEA256262471BD330078626B /* GitHubApp.app */;
			productType = "com.apple.product-type.application";
		};
/* End PBXNativeTarget section */

/* Begin PBXProject section */
		CEA2561E2471BD330078626B /* Project object */ = {
			isa = PBXProject;
			attributes = {
				LastSwiftUpdateCheck = 1140;
				LastUpgradeCheck = 1140;
				ORGANIZATIONNAME = SergeevaPolina;
				TargetAttributes = {
					CEA256252471BD330078626B = {
						CreatedOnToolsVersion = 11.4.1;
					};
				};
			};
			buildConfigurationList = CEA256212471BD330078626B /* Build configuration list for PBXProject "GitHubApp" */;
			compatibilityVersion = "Xcode 9.3";
			developmentRegion = en;
			hasScannedForEncodings = 0;
			knownRegions = (
				en,
				Base,
			);
			mainGroup = CEA2561D2471BD330078626B;
			productRefGroup = CEA256272471BD330078626B /* Products */;
			projectDirPath = "";
			projectRoot = "";
			targets = (
				CEA256252471BD330078626B /* GitHubApp */,
			);
		};
/* End PBXProject section */

/* Begin PBXResourcesBuildPhase section */
		CEA256242471BD330078626B /* Resources */ = {
			isa = PBXResourcesBuildPhase;
			buildActionMask = 2147483647;
			files = (
				CEA256362471BD3A0078626B /* LaunchScreen.storyboard in Resources */,
				CEA256332471BD3A0078626B /* Assets.xcassets in Resources */,
				CEA256312471BD330078626B /* Main.storyboard in Resources */,
			);
			runOnlyForDeploymentPostprocessing = 0;
		};
/* End PBXResourcesBuildPhase section */

/* Begin PBXShellScriptBuildPhase section */
		74454B7CA21D1F4C7A86DF19 /* [CP] Embed Pods Frameworks */ = {
			isa = PBXShellScriptBuildPhase;
			buildActionMask = 2147483647;
			files = (
			);
			inputFileListPaths = (
				"${PODS_ROOT}/Target Support Files/Pods-GitHubApp/Pods-GitHubApp-frameworks-${CONFIGURATION}-input-files.xcfilelist",
			);
			name = "[CP] Embed Pods Frameworks";
			outputFileListPaths = (
				"${PODS_ROOT}/Target Support Files/Pods-GitHubApp/Pods-GitHubApp-frameworks-${CONFIGURATION}-output-files.xcfilelist",
			);
			runOnlyForDeploymentPostprocessing = 0;
			shellPath = /bin/sh;
			shellScript = "\"${PODS_ROOT}/Target Support Files/Pods-GitHubApp/Pods-GitHubApp-frameworks.sh\"\n";
			showEnvVarsInLog = 0;
		};
		A6819635EBC310634A227CFB /* [CP] Check Pods Manifest.lock */ = {
			isa = PBXShellScriptBuildPhase;
			buildActionMask = 2147483647;
			files = (
			);
			inputFileListPaths = (
			);
			inputPaths = (
				"${PODS_PODFILE_DIR_PATH}/Podfile.lock",
				"${PODS_ROOT}/Manifest.lock",
			);
			name = "[CP] Check Pods Manifest.lock";
			outputFileListPaths = (
			);
			outputPaths = (
				"$(DERIVED_FILE_DIR)/Pods-GitHubApp-checkManifestLockResult.txt",
			);
			runOnlyForDeploymentPostprocessing = 0;
			shellPath = /bin/sh;
			shellScript = "diff \"${PODS_PODFILE_DIR_PATH}/Podfile.lock\" \"${PODS_ROOT}/Manifest.lock\" > /dev/null\nif [ $? != 0 ] ; then\n    # print error to STDERR\n    echo \"error: The sandbox is not in sync with the Podfile.lock. Run 'pod install' or update your CocoaPods installation.\" >&2\n    exit 1\nfi\n# This output is used by Xcode 'outputs' to avoid re-running this script phase.\necho \"SUCCESS\" > \"${SCRIPT_OUTPUT_FILE_0}\"\n";
			showEnvVarsInLog = 0;
		};
/* End PBXShellScriptBuildPhase section */

/* Begin PBXSourcesBuildPhase section */
		CEA256222471BD330078626B /* Sources */ = {
			isa = PBXSourcesBuildPhase;
			buildActionMask = 2147483647;
			files = (
				CEA2563E247465E50078626B /* AuthenticationViewController.swift in Sources */,
				CEA2562A2471BD330078626B /* AppDelegate.swift in Sources */,
				CEFEF044248586AD00E61E80 /* ProfileViewController.swift in Sources */,
				CEA2562C2471BD330078626B /* SceneDelegate.swift in Sources */,
				CEC277F7247BF031002D83F2 /* Helpers.swift in Sources */,
				CEFEF0482485885400E61E80 /* ProfileViewController Extension.swift in Sources */,
			);
			runOnlyForDeploymentPostprocessing = 0;
		};
/* End PBXSourcesBuildPhase section */

/* Begin PBXVariantGroup section */
		CEA2562F2471BD330078626B /* Main.storyboard */ = {
			isa = PBXVariantGroup;
			children = (
				CEA256302471BD330078626B /* Base */,
			);
			name = Main.storyboard;
			sourceTree = "<group>";
		};
		CEA256342471BD3A0078626B /* LaunchScreen.storyboard */ = {
			isa = PBXVariantGroup;
			children = (
				CEA256352471BD3A0078626B /* Base */,
			);
			name = LaunchScreen.storyboard;
			sourceTree = "<group>";
		};
/* End PBXVariantGroup section */

/* Begin XCBuildConfiguration section */
		CEA256382471BD3A0078626B /* Debug */ = {
			isa = XCBuildConfiguration;
			buildSettings = {
				ALWAYS_SEARCH_USER_PATHS = NO;
				CLANG_ANALYZER_NONNULL = YES;
				CLANG_ANALYZER_NUMBER_OBJECT_CONVERSION = YES_AGGRESSIVE;
				CLANG_CXX_LANGUAGE_STANDARD = "gnu++14";
				CLANG_CXX_LIBRARY = "libc++";
				CLANG_ENABLE_MODULES = YES;
				CLANG_ENABLE_OBJC_ARC = YES;
				CLANG_ENABLE_OBJC_WEAK = YES;
				CLANG_WARN_BLOCK_CAPTURE_AUTORELEASING = YES;
				CLANG_WARN_BOOL_CONVERSION = YES;
				CLANG_WARN_COMMA = YES;
				CLANG_WARN_CONSTANT_CONVERSION = YES;
				CLANG_WARN_DEPRECATED_OBJC_IMPLEMENTATIONS = YES;
				CLANG_WARN_DIRECT_OBJC_ISA_USAGE = YES_ERROR;
				CLANG_WARN_DOCUMENTATION_COMMENTS = YES;
				CLANG_WARN_EMPTY_BODY = YES;
				CLANG_WARN_ENUM_CONVERSION = YES;
				CLANG_WARN_INFINITE_RECURSION = YES;
				CLANG_WARN_INT_CONVERSION = YES;
				CLANG_WARN_NON_LITERAL_NULL_CONVERSION = YES;
				CLANG_WARN_OBJC_IMPLICIT_RETAIN_SELF = YES;
				CLANG_WARN_OBJC_LITERAL_CONVERSION = YES;
				CLANG_WARN_OBJC_ROOT_CLASS = YES_ERROR;
				CLANG_WARN_RANGE_LOOP_ANALYSIS = YES;
				CLANG_WARN_STRICT_PROTOTYPES = YES;
				CLANG_WARN_SUSPICIOUS_MOVE = YES;
				CLANG_WARN_UNGUARDED_AVAILABILITY = YES_AGGRESSIVE;
				CLANG_WARN_UNREACHABLE_CODE = YES;
				CLANG_WARN__DUPLICATE_METHOD_MATCH = YES;
				COPY_PHASE_STRIP = NO;
				DEBUG_INFORMATION_FORMAT = dwarf;
				ENABLE_STRICT_OBJC_MSGSEND = YES;
				ENABLE_TESTABILITY = YES;
				GCC_C_LANGUAGE_STANDARD = gnu11;
				GCC_DYNAMIC_NO_PIC = NO;
				GCC_NO_COMMON_BLOCKS = YES;
				GCC_OPTIMIZATION_LEVEL = 0;
				GCC_PREPROCESSOR_DEFINITIONS = (
					"DEBUG=1",
					"$(inherited)",
				);
				GCC_WARN_64_TO_32_BIT_CONVERSION = YES;
				GCC_WARN_ABOUT_RETURN_TYPE = YES_ERROR;
				GCC_WARN_UNDECLARED_SELECTOR = YES;
				GCC_WARN_UNINITIALIZED_AUTOS = YES_AGGRESSIVE;
				GCC_WARN_UNUSED_FUNCTION = YES;
				GCC_WARN_UNUSED_VARIABLE = YES;
				IPHONEOS_DEPLOYMENT_TARGET = 13.4;
				MTL_ENABLE_DEBUG_INFO = INCLUDE_SOURCE;
				MTL_FAST_MATH = YES;
				ONLY_ACTIVE_ARCH = YES;
				SDKROOT = iphoneos;
				SWIFT_ACTIVE_COMPILATION_CONDITIONS = DEBUG;
				SWIFT_OPTIMIZATION_LEVEL = "-Onone";
			};
			name = Debug;
		};
		CEA256392471BD3A0078626B /* Release */ = {
			isa = XCBuildConfiguration;
			buildSettings = {
				ALWAYS_SEARCH_USER_PATHS = NO;
				CLANG_ANALYZER_NONNULL = YES;
				CLANG_ANALYZER_NUMBER_OBJECT_CONVERSION = YES_AGGRESSIVE;
				CLANG_CXX_LANGUAGE_STANDARD = "gnu++14";
				CLANG_CXX_LIBRARY = "libc++";
				CLANG_ENABLE_MODULES = YES;
				CLANG_ENABLE_OBJC_ARC = YES;
				CLANG_ENABLE_OBJC_WEAK = YES;
				CLANG_WARN_BLOCK_CAPTURE_AUTORELEASING = YES;
				CLANG_WARN_BOOL_CONVERSION = YES;
				CLANG_WARN_COMMA = YES;
				CLANG_WARN_CONSTANT_CONVERSION = YES;
				CLANG_WARN_DEPRECATED_OBJC_IMPLEMENTATIONS = YES;
				CLANG_WARN_DIRECT_OBJC_ISA_USAGE = YES_ERROR;
				CLANG_WARN_DOCUMENTATION_COMMENTS = YES;
				CLANG_WARN_EMPTY_BODY = YES;
				CLANG_WARN_ENUM_CONVERSION = YES;
				CLANG_WARN_INFINITE_RECURSION = YES;
				CLANG_WARN_INT_CONVERSION = YES;
				CLANG_WARN_NON_LITERAL_NULL_CONVERSION = YES;
				CLANG_WARN_OBJC_IMPLICIT_RETAIN_SELF = YES;
				CLANG_WARN_OBJC_LITERAL_CONVERSION = YES;
				CLANG_WARN_OBJC_ROOT_CLASS = YES_ERROR;
				CLANG_WARN_RANGE_LOOP_ANALYSIS = YES;
				CLANG_WARN_STRICT_PROTOTYPES = YES;
				CLANG_WARN_SUSPICIOUS_MOVE = YES;
				CLANG_WARN_UNGUARDED_AVAILABILITY = YES_AGGRESSIVE;
				CLANG_WARN_UNREACHABLE_CODE = YES;
				CLANG_WARN__DUPLICATE_METHOD_MATCH = YES;
				COPY_PHASE_STRIP = NO;
				DEBUG_INFORMATION_FORMAT = "dwarf-with-dsym";
				ENABLE_NS_ASSERTIONS = NO;
				ENABLE_STRICT_OBJC_MSGSEND = YES;
				GCC_C_LANGUAGE_STANDARD = gnu11;
				GCC_NO_COMMON_BLOCKS = YES;
				GCC_WARN_64_TO_32_BIT_CONVERSION = YES;
				GCC_WARN_ABOUT_RETURN_TYPE = YES_ERROR;
				GCC_WARN_UNDECLARED_SELECTOR = YES;
				GCC_WARN_UNINITIALIZED_AUTOS = YES_AGGRESSIVE;
				GCC_WARN_UNUSED_FUNCTION = YES;
				GCC_WARN_UNUSED_VARIABLE = YES;
				IPHONEOS_DEPLOYMENT_TARGET = 13.4;
				MTL_ENABLE_DEBUG_INFO = NO;
				MTL_FAST_MATH = YES;
				SDKROOT = iphoneos;
				SWIFT_COMPILATION_MODE = wholemodule;
				SWIFT_OPTIMIZATION_LEVEL = "-O";
				VALIDATE_PRODUCT = YES;
			};
			name = Release;
		};
		CEA2563B2471BD3A0078626B /* Debug */ = {
			isa = XCBuildConfiguration;
			baseConfigurationReference = A467A5E0CEBC543754687301 /* Pods-GitHubApp.debug.xcconfig */;
			buildSettings = {
				ASSETCATALOG_COMPILER_APPICON_NAME = AppIcon;
				CODE_SIGN_STYLE = Automatic;
				DEVELOPMENT_TEAM = 49A3DX8W37;
				INFOPLIST_FILE = GitHubApp/Info.plist;
				IPHONEOS_DEPLOYMENT_TARGET = 13.3;
				LD_RUNPATH_SEARCH_PATHS = (
					"$(inherited)",
					"@executable_path/Frameworks",
				);
				PRODUCT_BUNDLE_IDENTIFIER = sergeeva.polina.GitHubApp;
				PRODUCT_NAME = "$(TARGET_NAME)";
				SWIFT_VERSION = 5.0;
				TARGETED_DEVICE_FAMILY = "1,2";
			};
			name = Debug;
		};
		CEA2563C2471BD3A0078626B /* Release */ = {
			isa = XCBuildConfiguration;
			baseConfigurationReference = A766C3CE1CCC02725C8AAF69 /* Pods-GitHubApp.release.xcconfig */;
			buildSettings = {
				ASSETCATALOG_COMPILER_APPICON_NAME = AppIcon;
				CODE_SIGN_STYLE = Automatic;
				DEVELOPMENT_TEAM = 49A3DX8W37;
				INFOPLIST_FILE = GitHubApp/Info.plist;
				IPHONEOS_DEPLOYMENT_TARGET = 13.3;
				LD_RUNPATH_SEARCH_PATHS = (
					"$(inherited)",
					"@executable_path/Frameworks",
				);
				PRODUCT_BUNDLE_IDENTIFIER = sergeeva.polina.GitHubApp;
				PRODUCT_NAME = "$(TARGET_NAME)";
				SWIFT_VERSION = 5.0;
				TARGETED_DEVICE_FAMILY = "1,2";
			};
			name = Release;
		};
/* End XCBuildConfiguration section */

/* Begin XCConfigurationList section */
		CEA256212471BD330078626B /* Build configuration list for PBXProject "GitHubApp" */ = {
			isa = XCConfigurationList;
			buildConfigurations = (
				CEA256382471BD3A0078626B /* Debug */,
				CEA256392471BD3A0078626B /* Release */,
			);
			defaultConfigurationIsVisible = 0;
			defaultConfigurationName = Release;
		};
		CEA2563A2471BD3A0078626B /* Build configuration list for PBXNativeTarget "GitHubApp" */ = {
			isa = XCConfigurationList;
			buildConfigurations = (
				CEA2563B2471BD3A0078626B /* Debug */,
				CEA2563C2471BD3A0078626B /* Release */,
			);
			defaultConfigurationIsVisible = 0;
			defaultConfigurationName = Release;
		};
/* End XCConfigurationList section */
	};
	rootObject = CEA2561E2471BD330078626B /* Project object */;
}
